// !$*UTF8*$!
{
	archiveVersion = 1;
	classes = {
	};
	objectVersion = 54;
	objects = {

/* Begin PBXBuildFile section */
		C24596C326097FF0003B9557 /* DemoApp.swift in Sources */ = {isa = PBXBuildFile; fileRef = C24596C226097FF0003B9557 /* DemoApp.swift */; };
		C24596C526097FF0003B9557 /* ContentView.swift in Sources */ = {isa = PBXBuildFile; fileRef = C24596C426097FF0003B9557 /* ContentView.swift */; };
		C24596C726097FF3003B9557 /* Assets.xcassets in Resources */ = {isa = PBXBuildFile; fileRef = C24596C626097FF3003B9557 /* Assets.xcassets */; };
		C24596CA26097FF3003B9557 /* Preview Assets.xcassets in Resources */ = {isa = PBXBuildFile; fileRef = C24596C926097FF3003B9557 /* Preview Assets.xcassets */; };
		C24596D526097FF4003B9557 /* DemoTests.swift in Sources */ = {isa = PBXBuildFile; fileRef = C24596D426097FF4003B9557 /* DemoTests.swift */; };
		C24596E026097FF4003B9557 /* DemoUITests.swift in Sources */ = {isa = PBXBuildFile; fileRef = C24596DF26097FF4003B9557 /* DemoUITests.swift */; };
		C24596F5260980D4003B9557 /* dummy-data.json in Resources */ = {isa = PBXBuildFile; fileRef = C24596F4260980D4003B9557 /* dummy-data.json */; };
		C25FBD58260994FF0025A055 /* DetailView.swift in Sources */ = {isa = PBXBuildFile; fileRef = C25FBD57260994FF0025A055 /* DetailView.swift */; };
		C2B0B719260B93DC0033C236 /* ViewModel.swift in Sources */ = {isa = PBXBuildFile; fileRef = C2B0B718260B93DC0033C236 /* ViewModel.swift */; };
		C2B0B71E260B93EB0033C236 /* Item.swift in Sources */ = {isa = PBXBuildFile; fileRef = C2B0B71D260B93EB0033C236 /* Item.swift */; };
		C2B0B723260B93FF0033C236 /* ItemRow.swift in Sources */ = {isa = PBXBuildFile; fileRef = C2B0B722260B93FF0033C236 /* ItemRow.swift */; };
		C2B0B72E260B950A0033C236 /* Assignment.md in Resources */ = {isa = PBXBuildFile; fileRef = C2B0B72D260B950A0033C236 /* Assignment.md */; };
		C2B0B733260B959A0033C236 /* README.md in Resources */ = {isa = PBXBuildFile; fileRef = C2B0B732260B959A0033C236 /* README.md */; };
		C2B0B738260B95CB0033C236 /* Constants.swift in Sources */ = {isa = PBXBuildFile; fileRef = C2B0B737260B95CB0033C236 /* Constants.swift */; };
		C2B0B740260B979B0033C236 /* APIRequest.swift in Sources */ = {isa = PBXBuildFile; fileRef = C2B0B73F260B979B0033C236 /* APIRequest.swift */; };
		C2B0B745260B97E60033C236 /* JSON.swift in Sources */ = {isa = PBXBuildFile; fileRef = C2B0B744260B97E60033C236 /* JSON.swift */; };
		C2B0B751260B9A1C0033C236 /* DummyAPIRequest.swift in Sources */ = {isa = PBXBuildFile; fileRef = C2B0B750260B9A1C0033C236 /* DummyAPIRequest.swift */; };
		C2B0B756260BA0190033C236 /* Response.swift in Sources */ = {isa = PBXBuildFile; fileRef = C2B0B755260BA0190033C236 /* Response.swift */; };
/* End PBXBuildFile section */

/* Begin PBXContainerItemProxy section */
		C24596D126097FF4003B9557 /* PBXContainerItemProxy */ = {
			isa = PBXContainerItemProxy;
			containerPortal = C24596B726097FF0003B9557 /* Project object */;
			proxyType = 1;
			remoteGlobalIDString = C24596BE26097FF0003B9557;
			remoteInfo = Demo;
		};
		C24596DC26097FF4003B9557 /* PBXContainerItemProxy */ = {
			isa = PBXContainerItemProxy;
			containerPortal = C24596B726097FF0003B9557 /* Project object */;
			proxyType = 1;
			remoteGlobalIDString = C24596BE26097FF0003B9557;
			remoteInfo = Demo;
		};
/* End PBXContainerItemProxy section */

/* Begin PBXFileReference section */
		C24596BF26097FF0003B9557 /* Demo.app */ = {isa = PBXFileReference; explicitFileType = wrapper.application; includeInIndex = 0; path = Demo.app; sourceTree = BUILT_PRODUCTS_DIR; };
		C24596C226097FF0003B9557 /* DemoApp.swift */ = {isa = PBXFileReference; lastKnownFileType = sourcecode.swift; path = DemoApp.swift; sourceTree = "<group>"; };
		C24596C426097FF0003B9557 /* ContentView.swift */ = {isa = PBXFileReference; lastKnownFileType = sourcecode.swift; path = ContentView.swift; sourceTree = "<group>"; };
		C24596C626097FF3003B9557 /* Assets.xcassets */ = {isa = PBXFileReference; lastKnownFileType = folder.assetcatalog; path = Assets.xcassets; sourceTree = "<group>"; };
		C24596C926097FF3003B9557 /* Preview Assets.xcassets */ = {isa = PBXFileReference; lastKnownFileType = folder.assetcatalog; path = "Preview Assets.xcassets"; sourceTree = "<group>"; };
		C24596CB26097FF3003B9557 /* Info.plist */ = {isa = PBXFileReference; lastKnownFileType = text.plist.xml; path = Info.plist; sourceTree = "<group>"; };
		C24596D026097FF4003B9557 /* DemoTests.xctest */ = {isa = PBXFileReference; explicitFileType = wrapper.cfbundle; includeInIndex = 0; path = DemoTests.xctest; sourceTree = BUILT_PRODUCTS_DIR; };
		C24596D426097FF4003B9557 /* DemoTests.swift */ = {isa = PBXFileReference; lastKnownFileType = sourcecode.swift; path = DemoTests.swift; sourceTree = "<group>"; };
		C24596D626097FF4003B9557 /* Info.plist */ = {isa = PBXFileReference; lastKnownFileType = text.plist.xml; path = Info.plist; sourceTree = "<group>"; };
		C24596DB26097FF4003B9557 /* DemoUITests.xctest */ = {isa = PBXFileReference; explicitFileType = wrapper.cfbundle; includeInIndex = 0; path = DemoUITests.xctest; sourceTree = BUILT_PRODUCTS_DIR; };
		C24596DF26097FF4003B9557 /* DemoUITests.swift */ = {isa = PBXFileReference; lastKnownFileType = sourcecode.swift; path = DemoUITests.swift; sourceTree = "<group>"; };
		C24596E126097FF4003B9557 /* Info.plist */ = {isa = PBXFileReference; lastKnownFileType = text.plist.xml; path = Info.plist; sourceTree = "<group>"; };
		C24596F4260980D4003B9557 /* dummy-data.json */ = {isa = PBXFileReference; fileEncoding = 4; lastKnownFileType = text.json; name = "dummy-data.json"; path = "../../../dummy-data.json"; sourceTree = "<group>"; };
		C25FBD57260994FF0025A055 /* DetailView.swift */ = {isa = PBXFileReference; lastKnownFileType = sourcecode.swift; path = DetailView.swift; sourceTree = "<group>"; };
		C2B0B718260B93DC0033C236 /* ViewModel.swift */ = {isa = PBXFileReference; lastKnownFileType = sourcecode.swift; path = ViewModel.swift; sourceTree = "<group>"; };
		C2B0B71D260B93EB0033C236 /* Item.swift */ = {isa = PBXFileReference; lastKnownFileType = sourcecode.swift; path = Item.swift; sourceTree = "<group>"; };
		C2B0B722260B93FF0033C236 /* ItemRow.swift */ = {isa = PBXFileReference; lastKnownFileType = sourcecode.swift; path = ItemRow.swift; sourceTree = "<group>"; };
		C2B0B72D260B950A0033C236 /* Assignment.md */ = {isa = PBXFileReference; fileEncoding = 4; lastKnownFileType = net.daringfireball.markdown; path = Assignment.md; sourceTree = "<group>"; };
		C2B0B732260B959A0033C236 /* README.md */ = {isa = PBXFileReference; fileEncoding = 4; lastKnownFileType = net.daringfireball.markdown; path = README.md; sourceTree = "<group>"; };
		C2B0B737260B95CB0033C236 /* Constants.swift */ = {isa = PBXFileReference; lastKnownFileType = sourcecode.swift; path = Constants.swift; sourceTree = "<group>"; };
		C2B0B73F260B979B0033C236 /* APIRequest.swift */ = {isa = PBXFileReference; lastKnownFileType = sourcecode.swift; path = APIRequest.swift; sourceTree = "<group>"; };
		C2B0B744260B97E60033C236 /* JSON.swift */ = {isa = PBXFileReference; lastKnownFileType = sourcecode.swift; path = JSON.swift; sourceTree = "<group>"; };
		C2B0B750260B9A1C0033C236 /* DummyAPIRequest.swift */ = {isa = PBXFileReference; lastKnownFileType = sourcecode.swift; path = DummyAPIRequest.swift; sourceTree = "<group>"; };
		C2B0B755260BA0190033C236 /* Response.swift */ = {isa = PBXFileReference; lastKnownFileType = sourcecode.swift; path = Response.swift; sourceTree = "<group>"; };
/* End PBXFileReference section */

/* Begin PBXFrameworksBuildPhase section */
		C24596BC26097FF0003B9557 /* Frameworks */ = {
			isa = PBXFrameworksBuildPhase;
			buildActionMask = 2147483647;
			files = (
			);
			runOnlyForDeploymentPostprocessing = 0;
		};
		C24596CD26097FF4003B9557 /* Frameworks */ = {
			isa = PBXFrameworksBuildPhase;
			buildActionMask = 2147483647;
			files = (
			);
			runOnlyForDeploymentPostprocessing = 0;
		};
		C24596D826097FF4003B9557 /* Frameworks */ = {
			isa = PBXFrameworksBuildPhase;
			buildActionMask = 2147483647;
			files = (
			);
			runOnlyForDeploymentPostprocessing = 0;
		};
/* End PBXFrameworksBuildPhase section */

/* Begin PBXGroup section */
		C24596B626097FF0003B9557 = {
			isa = PBXGroup;
			children = (
				C2B0B72D260B950A0033C236 /* Assignment.md */,
				C2B0B732260B959A0033C236 /* README.md */,
				C24596C126097FF0003B9557 /* Demo */,
				C24596D326097FF4003B9557 /* DemoTests */,
				C24596DE26097FF4003B9557 /* DemoUITests */,
				C24596C026097FF0003B9557 /* Products */,
			);
			sourceTree = "<group>";
		};
		C24596C026097FF0003B9557 /* Products */ = {
			isa = PBXGroup;
			children = (
				C24596BF26097FF0003B9557 /* Demo.app */,
				C24596D026097FF4003B9557 /* DemoTests.xctest */,
				C24596DB26097FF4003B9557 /* DemoUITests.xctest */,
			);
			name = Products;
			sourceTree = "<group>";
		};
		C24596C126097FF0003B9557 /* Demo */ = {
			isa = PBXGroup;
			children = (
				C24596CB26097FF3003B9557 /* Info.plist */,
				C2B0B72C260B948A0033C236 /* Common */,
				C2B0B728260B94140033C236 /* Models */,
				C24596C826097FF3003B9557 /* Preview Content */,
				C24596F326098072003B9557 /* Resources */,
				C2B0B727260B94030033C236 /* Views */,
			);
			path = Demo;
			sourceTree = "<group>";
		};
		C24596C826097FF3003B9557 /* Preview Content */ = {
			isa = PBXGroup;
			children = (
				C24596C926097FF3003B9557 /* Preview Assets.xcassets */,
			);
			path = "Preview Content";
			sourceTree = "<group>";
		};
		C24596D326097FF4003B9557 /* DemoTests */ = {
			isa = PBXGroup;
			children = (
				C24596D426097FF4003B9557 /* DemoTests.swift */,
				C24596D626097FF4003B9557 /* Info.plist */,
			);
			path = DemoTests;
			sourceTree = "<group>";
		};
		C24596DE26097FF4003B9557 /* DemoUITests */ = {
			isa = PBXGroup;
			children = (
				C24596DF26097FF4003B9557 /* DemoUITests.swift */,
				C24596E126097FF4003B9557 /* Info.plist */,
			);
			path = DemoUITests;
			sourceTree = "<group>";
		};
		C24596F326098072003B9557 /* Resources */ = {
			isa = PBXGroup;
			children = (
				C24596C626097FF3003B9557 /* Assets.xcassets */,
				C24596F4260980D4003B9557 /* dummy-data.json */,
			);
			path = Resources;
			sourceTree = "<group>";
		};
		C2B0B727260B94030033C236 /* Views */ = {
			isa = PBXGroup;
			children = (
				C24596C426097FF0003B9557 /* ContentView.swift */,
				C25FBD57260994FF0025A055 /* DetailView.swift */,
				C2B0B718260B93DC0033C236 /* ViewModel.swift */,
				C2B0B749260B98A00033C236 /* Subviews */,
			);
			path = Views;
			sourceTree = "<group>";
		};
		C2B0B728260B94140033C236 /* Models */ = {
			isa = PBXGroup;
			children = (
				C2B0B71D260B93EB0033C236 /* Item.swift */,
			);
			path = Models;
			sourceTree = "<group>";
		};
		C2B0B72C260B948A0033C236 /* Common */ = {
			isa = PBXGroup;
			children = (
				C2B0B73F260B979B0033C236 /* APIRequest.swift */,
				C2B0B737260B95CB0033C236 /* Constants.swift */,
				C24596C226097FF0003B9557 /* DemoApp.swift */,
				C2B0B750260B9A1C0033C236 /* DummyAPIRequest.swift */,
				C2B0B744260B97E60033C236 /* JSON.swift */,
				C2B0B755260BA0190033C236 /* Response.swift */,
			);
			path = Common;
			sourceTree = "<group>";
		};
		C2B0B749260B98A00033C236 /* Subviews */ = {
			isa = PBXGroup;
			children = (
				C2B0B722260B93FF0033C236 /* ItemRow.swift */,
			);
			path = Subviews;
			sourceTree = "<group>";
		};
/* End PBXGroup section */

/* Begin PBXNativeTarget section */
		C24596BE26097FF0003B9557 /* Demo */ = {
			isa = PBXNativeTarget;
			buildConfigurationList = C24596E426097FF4003B9557 /* Build configuration list for PBXNativeTarget "Demo" */;
			buildPhases = (
				C24596BB26097FF0003B9557 /* Sources */,
				C24596BC26097FF0003B9557 /* Frameworks */,
				C24596BD26097FF0003B9557 /* Resources */,
			);
			buildRules = (
			);
			dependencies = (
			);
			name = Demo;
			productName = Demo;
			productReference = C24596BF26097FF0003B9557 /* Demo.app */;
			productType = "com.apple.product-type.application";
		};
		C24596CF26097FF4003B9557 /* DemoTests */ = {
			isa = PBXNativeTarget;
			buildConfigurationList = C24596E726097FF4003B9557 /* Build configuration list for PBXNativeTarget "DemoTests" */;
			buildPhases = (
				C24596CC26097FF4003B9557 /* Sources */,
				C24596CD26097FF4003B9557 /* Frameworks */,
				C24596CE26097FF4003B9557 /* Resources */,
			);
			buildRules = (
			);
			dependencies = (
				C24596D226097FF4003B9557 /* PBXTargetDependency */,
			);
			name = DemoTests;
			productName = DemoTests;
			productReference = C24596D026097FF4003B9557 /* DemoTests.xctest */;
			productType = "com.apple.product-type.bundle.unit-test";
		};
		C24596DA26097FF4003B9557 /* DemoUITests */ = {
			isa = PBXNativeTarget;
			buildConfigurationList = C24596EA26097FF4003B9557 /* Build configuration list for PBXNativeTarget "DemoUITests" */;
			buildPhases = (
				C24596D726097FF4003B9557 /* Sources */,
				C24596D826097FF4003B9557 /* Frameworks */,
				C24596D926097FF4003B9557 /* Resources */,
			);
			buildRules = (
			);
			dependencies = (
				C24596DD26097FF4003B9557 /* PBXTargetDependency */,
			);
			name = DemoUITests;
			productName = DemoUITests;
			productReference = C24596DB26097FF4003B9557 /* DemoUITests.xctest */;
			productType = "com.apple.product-type.bundle.ui-testing";
		};
/* End PBXNativeTarget section */

/* Begin PBXProject section */
		C24596B726097FF0003B9557 /* Project object */ = {
			isa = PBXProject;
			attributes = {
				LastSwiftUpdateCheck = 1240;
				LastUpgradeCheck = 1240;
				ORGANIZATIONNAME = "Demo Inc.";
				TargetAttributes = {
					C24596BE26097FF0003B9557 = {
						CreatedOnToolsVersion = 12.4;
					};
					C24596CF26097FF4003B9557 = {
						CreatedOnToolsVersion = 12.4;
						TestTargetID = C24596BE26097FF0003B9557;
					};
					C24596DA26097FF4003B9557 = {
						CreatedOnToolsVersion = 12.4;
						TestTargetID = C24596BE26097FF0003B9557;
					};
				};
			};
			buildConfigurationList = C24596BA26097FF0003B9557 /* Build configuration list for PBXProject "Demo" */;
			compatibilityVersion = "Xcode 12.0";
			developmentRegion = en;
			hasScannedForEncodings = 0;
			knownRegions = (
				en,
				Base,
			);
			mainGroup = C24596B626097FF0003B9557;
			productRefGroup = C24596C026097FF0003B9557 /* Products */;
			projectDirPath = "";
			projectRoot = "";
			targets = (
				C24596BE26097FF0003B9557 /* Demo */,
				C24596CF26097FF4003B9557 /* DemoTests */,
				C24596DA26097FF4003B9557 /* DemoUITests */,
			);
		};
/* End PBXProject section */

/* Begin PBXResourcesBuildPhase section */
		C24596BD26097FF0003B9557 /* Resources */ = {
			isa = PBXResourcesBuildPhase;
			buildActionMask = 2147483647;
			files = (
				C24596CA26097FF3003B9557 /* Preview Assets.xcassets in Resources */,
				C2B0B72E260B950A0033C236 /* Assignment.md in Resources */,
				C2B0B733260B959A0033C236 /* README.md in Resources */,
				C24596C726097FF3003B9557 /* Assets.xcassets in Resources */,
				C24596F5260980D4003B9557 /* dummy-data.json in Resources */,
			);
			runOnlyForDeploymentPostprocessing = 0;
		};
		C24596CE26097FF4003B9557 /* Resources */ = {
			isa = PBXResourcesBuildPhase;
			buildActionMask = 2147483647;
			files = (
			);
			runOnlyForDeploymentPostprocessing = 0;
		};
		C24596D926097FF4003B9557 /* Resources */ = {
			isa = PBXResourcesBuildPhase;
			buildActionMask = 2147483647;
			files = (
			);
			runOnlyForDeploymentPostprocessing = 0;
		};
/* End PBXResourcesBuildPhase section */

/* Begin PBXSourcesBuildPhase section */
		C24596BB26097FF0003B9557 /* Sources */ = {
			isa = PBXSourcesBuildPhase;
			buildActionMask = 2147483647;
			files = (
				C2B0B71E260B93EB0033C236 /* Item.swift in Sources */,
				C24596C526097FF0003B9557 /* ContentView.swift in Sources */,
				C25FBD58260994FF0025A055 /* DetailView.swift in Sources */,
				C2B0B751260B9A1C0033C236 /* DummyAPIRequest.swift in Sources */,
				C2B0B745260B97E60033C236 /* JSON.swift in Sources */,
				C2B0B723260B93FF0033C236 /* ItemRow.swift in Sources */,
				C2B0B738260B95CB0033C236 /* Constants.swift in Sources */,
				C2B0B756260BA0190033C236 /* Response.swift in Sources */,
				C2B0B719260B93DC0033C236 /* ViewModel.swift in Sources */,
				C2B0B740260B979B0033C236 /* APIRequest.swift in Sources */,
				C24596C326097FF0003B9557 /* DemoApp.swift in Sources */,
			);
			runOnlyForDeploymentPostprocessing = 0;
		};
		C24596CC26097FF4003B9557 /* Sources */ = {
			isa = PBXSourcesBuildPhase;
			buildActionMask = 2147483647;
			files = (
				C24596D526097FF4003B9557 /* DemoTests.swift in Sources */,
			);
			runOnlyForDeploymentPostprocessing = 0;
		};
		C24596D726097FF4003B9557 /* Sources */ = {
			isa = PBXSourcesBuildPhase;
			buildActionMask = 2147483647;
			files = (
				C24596E026097FF4003B9557 /* DemoUITests.swift in Sources */,
			);
			runOnlyForDeploymentPostprocessing = 0;
		};
/* End PBXSourcesBuildPhase section */

/* Begin PBXTargetDependency section */
		C24596D226097FF4003B9557 /* PBXTargetDependency */ = {
			isa = PBXTargetDependency;
			target = C24596BE26097FF0003B9557 /* Demo */;
			targetProxy = C24596D126097FF4003B9557 /* PBXContainerItemProxy */;
		};
		C24596DD26097FF4003B9557 /* PBXTargetDependency */ = {
			isa = PBXTargetDependency;
			target = C24596BE26097FF0003B9557 /* Demo */;
			targetProxy = C24596DC26097FF4003B9557 /* PBXContainerItemProxy */;
		};
/* End PBXTargetDependency section */

/* Begin XCBuildConfiguration section */
		C24596E226097FF4003B9557 /* Debug */ = {
			isa = XCBuildConfiguration;
			buildSettings = {
				ALWAYS_SEARCH_USER_PATHS = NO;
				CLANG_ANALYZER_NONNULL = YES;
				CLANG_ANALYZER_NUMBER_OBJECT_CONVERSION = YES_AGGRESSIVE;
				CLANG_CXX_LANGUAGE_STANDARD = "gnu++14";
				CLANG_CXX_LIBRARY = "libc++";
				CLANG_ENABLE_MODULES = YES;
				CLANG_ENABLE_OBJC_ARC = YES;
				CLANG_ENABLE_OBJC_WEAK = YES;
				CLANG_WARN_BLOCK_CAPTURE_AUTORELEASING = YES;
				CLANG_WARN_BOOL_CONVERSION = YES;
				CLANG_WARN_COMMA = YES;
				CLANG_WARN_CONSTANT_CONVERSION = YES;
				CLANG_WARN_DEPRECATED_OBJC_IMPLEMENTATIONS = YES;
				CLANG_WARN_DIRECT_OBJC_ISA_USAGE = YES_ERROR;
				CLANG_WARN_DOCUMENTATION_COMMENTS = YES;
				CLANG_WARN_EMPTY_BODY = YES;
				CLANG_WARN_ENUM_CONVERSION = YES;
				CLANG_WARN_INFINITE_RECURSION = YES;
				CLANG_WARN_INT_CONVERSION = YES;
				CLANG_WARN_NON_LITERAL_NULL_CONVERSION = YES;
				CLANG_WARN_OBJC_IMPLICIT_RETAIN_SELF = YES;
				CLANG_WARN_OBJC_LITERAL_CONVERSION = YES;
				CLANG_WARN_OBJC_ROOT_CLASS = YES_ERROR;
				CLANG_WARN_QUOTED_INCLUDE_IN_FRAMEWORK_HEADER = YES;
				CLANG_WARN_RANGE_LOOP_ANALYSIS = YES;
				CLANG_WARN_STRICT_PROTOTYPES = YES;
				CLANG_WARN_SUSPICIOUS_MOVE = YES;
				CLANG_WARN_UNGUARDED_AVAILABILITY = YES_AGGRESSIVE;
				CLANG_WARN_UNREACHABLE_CODE = YES;
				CLANG_WARN__DUPLICATE_METHOD_MATCH = YES;
				COPY_PHASE_STRIP = NO;
				DEBUG_INFORMATION_FORMAT = dwarf;
				ENABLE_STRICT_OBJC_MSGSEND = YES;
				ENABLE_TESTABILITY = YES;
				GCC_C_LANGUAGE_STANDARD = gnu11;
				GCC_DYNAMIC_NO_PIC = NO;
				GCC_NO_COMMON_BLOCKS = YES;
				GCC_OPTIMIZATION_LEVEL = 0;
				GCC_PREPROCESSOR_DEFINITIONS = (
					"DEBUG=1",
					"$(inherited)",
				);
				GCC_WARN_64_TO_32_BIT_CONVERSION = YES;
				GCC_WARN_ABOUT_RETURN_TYPE = YES_ERROR;
				GCC_WARN_UNDECLARED_SELECTOR = YES;
				GCC_WARN_UNINITIALIZED_AUTOS = YES_AGGRESSIVE;
				GCC_WARN_UNUSED_FUNCTION = YES;
				GCC_WARN_UNUSED_VARIABLE = YES;
				IPHONEOS_DEPLOYMENT_TARGET = 14.4;
				MTL_ENABLE_DEBUG_INFO = INCLUDE_SOURCE;
				MTL_FAST_MATH = YES;
				ONLY_ACTIVE_ARCH = YES;
				SDKROOT = iphoneos;
				SWIFT_ACTIVE_COMPILATION_CONDITIONS = DEBUG;
				SWIFT_OPTIMIZATION_LEVEL = "-Onone";
			};
			name = Debug;
		};
		C24596E326097FF4003B9557 /* Release */ = {
			isa = XCBuildConfiguration;
			buildSettings = {
				ALWAYS_SEARCH_USER_PATHS = NO;
				CLANG_ANALYZER_NONNULL = YES;
				CLANG_ANALYZER_NUMBER_OBJECT_CONVERSION = YES_AGGRESSIVE;
				CLANG_CXX_LANGUAGE_STANDARD = "gnu++14";
				CLANG_CXX_LIBRARY = "libc++";
				CLANG_ENABLE_MODULES = YES;
				CLANG_ENABLE_OBJC_ARC = YES;
				CLANG_ENABLE_OBJC_WEAK = YES;
				CLANG_WARN_BLOCK_CAPTURE_AUTORELEASING = YES;
				CLANG_WARN_BOOL_CONVERSION = YES;
				CLANG_WARN_COMMA = YES;
				CLANG_WARN_CONSTANT_CONVERSION = YES;
				CLANG_WARN_DEPRECATED_OBJC_IMPLEMENTATIONS = YES;
				CLANG_WARN_DIRECT_OBJC_ISA_USAGE = YES_ERROR;
				CLANG_WARN_DOCUMENTATION_COMMENTS = YES;
				CLANG_WARN_EMPTY_BODY = YES;
				CLANG_WARN_ENUM_CONVERSION = YES;
				CLANG_WARN_INFINITE_RECURSION = YES;
				CLANG_WARN_INT_CONVERSION = YES;
				CLANG_WARN_NON_LITERAL_NULL_CONVERSION = YES;
				CLANG_WARN_OBJC_IMPLICIT_RETAIN_SELF = YES;
				CLANG_WARN_OBJC_LITERAL_CONVERSION = YES;
				CLANG_WARN_OBJC_ROOT_CLASS = YES_ERROR;
				CLANG_WARN_QUOTED_INCLUDE_IN_FRAMEWORK_HEADER = YES;
				CLANG_WARN_RANGE_LOOP_ANALYSIS = YES;
				CLANG_WARN_STRICT_PROTOTYPES = YES;
				CLANG_WARN_SUSPICIOUS_MOVE = YES;
				CLANG_WARN_UNGUARDED_AVAILABILITY = YES_AGGRESSIVE;
				CLANG_WARN_UNREACHABLE_CODE = YES;
				CLANG_WARN__DUPLICATE_METHOD_MATCH = YES;
				COPY_PHASE_STRIP = NO;
				DEBUG_INFORMATION_FORMAT = "dwarf-with-dsym";
				ENABLE_NS_ASSERTIONS = NO;
				ENABLE_STRICT_OBJC_MSGSEND = YES;
				GCC_C_LANGUAGE_STANDARD = gnu11;
				GCC_NO_COMMON_BLOCKS = YES;
				GCC_WARN_64_TO_32_BIT_CONVERSION = YES;
				GCC_WARN_ABOUT_RETURN_TYPE = YES_ERROR;
				GCC_WARN_UNDECLARED_SELECTOR = YES;
				GCC_WARN_UNINITIALIZED_AUTOS = YES_AGGRESSIVE;
				GCC_WARN_UNUSED_FUNCTION = YES;
				GCC_WARN_UNUSED_VARIABLE = YES;
				IPHONEOS_DEPLOYMENT_TARGET = 14.4;
				MTL_ENABLE_DEBUG_INFO = NO;
				MTL_FAST_MATH = YES;
				SDKROOT = iphoneos;
				SWIFT_COMPILATION_MODE = wholemodule;
				SWIFT_OPTIMIZATION_LEVEL = "-O";
				VALIDATE_PRODUCT = YES;
			};
			name = Release;
		};
		C24596E526097FF4003B9557 /* Debug */ = {
			isa = XCBuildConfiguration;
			buildSettings = {
				ASSETCATALOG_COMPILER_APPICON_NAME = AppIcon;
				ASSETCATALOG_COMPILER_GLOBAL_ACCENT_COLOR_NAME = AccentColor;
				CODE_SIGN_STYLE = Automatic;
				DEVELOPMENT_ASSET_PATHS = "\"Demo/Preview Content\"";
				DEVELOPMENT_TEAM = TK5DS76L58;
				ENABLE_PREVIEWS = YES;
				INFOPLIST_FILE = Demo/Info.plist;
				IPHONEOS_DEPLOYMENT_TARGET = 14.0;
				LD_RUNPATH_SEARCH_PATHS = (
					"$(inherited)",
					"@executable_path/Frameworks",
				);
				PRODUCT_BUNDLE_IDENTIFIER = me.elbadaoui.Demo;
				PRODUCT_NAME = "$(TARGET_NAME)";
				SWIFT_VERSION = 5.0;
				TARGETED_DEVICE_FAMILY = 1;
			};
			name = Debug;
		};
		C24596E626097FF4003B9557 /* Release */ = {
			isa = XCBuildConfiguration;
			buildSettings = {
				ASSETCATALOG_COMPILER_APPICON_NAME = AppIcon;
				ASSETCATALOG_COMPILER_GLOBAL_ACCENT_COLOR_NAME = AccentColor;
				CODE_SIGN_STYLE = Automatic;
				DEVELOPMENT_ASSET_PATHS = "\"Demo/Preview Content\"";
				DEVELOPMENT_TEAM = TK5DS76L58;
				ENABLE_PREVIEWS = YES;
				INFOPLIST_FILE = Demo/Info.plist;
				IPHONEOS_DEPLOYMENT_TARGET = 14.0;
				LD_RUNPATH_SEARCH_PATHS = (
					"$(inherited)",
					"@executable_path/Frameworks",
				);
				PRODUCT_BUNDLE_IDENTIFIER = me.elbadaoui.Demo;
				PRODUCT_NAME = "$(TARGET_NAME)";
				SWIFT_VERSION = 5.0;
				TARGETED_DEVICE_FAMILY = 1;
			};
			name = Release;
		};
		C24596E826097FF4003B9557 /* Debug */ = {
			isa = XCBuildConfiguration;
			buildSettings = {
				ALWAYS_EMBED_SWIFT_STANDARD_LIBRARIES = YES;
				BUNDLE_LOADER = "$(TEST_HOST)";
				CODE_SIGN_STYLE = Automatic;
				DEVELOPMENT_TEAM = TK5DS76L58;
				INFOPLIST_FILE = DemoTests/Info.plist;
				IPHONEOS_DEPLOYMENT_TARGET = 14.0;
				LD_RUNPATH_SEARCH_PATHS = (
					"$(inherited)",
					"@executable_path/Frameworks",
					"@loader_path/Frameworks",
				);
				PRODUCT_BUNDLE_IDENTIFIER = me.elbadaoui.DemoTests;
				PRODUCT_NAME = "$(TARGET_NAME)";
				SWIFT_VERSION = 5.0;
				TARGETED_DEVICE_FAMILY = "1,2";
				TEST_HOST = "$(BUILT_PRODUCTS_DIR)/Demo.app/Demo";
			};
			name = Debug;
		};
		C24596E926097FF4003B9557 /* Release */ = {
			isa = XCBuildConfiguration;
			buildSettings = {
				ALWAYS_EMBED_SWIFT_STANDARD_LIBRARIES = YES;
				BUNDLE_LOADER = "$(TEST_HOST)";
				CODE_SIGN_STYLE = Automatic;
				DEVELOPMENT_TEAM = TK5DS76L58;
				INFOPLIST_FILE = DemoTests/Info.plist;
				IPHONEOS_DEPLOYMENT_TARGET = 14.0;
				LD_RUNPATH_SEARCH_PATHS = (
					"$(inherited)",
					"@executable_path/Frameworks",
					"@loader_path/Frameworks",
				);
				PRODUCT_BUNDLE_IDENTIFIER = me.elbadaoui.DemoTests;
				PRODUCT_NAME = "$(TARGET_NAME)";
				SWIFT_VERSION = 5.0;
				TARGETED_DEVICE_FAMILY = "1,2";
				TEST_HOST = "$(BUILT_PRODUCTS_DIR)/Demo.app/Demo";
			};
			name = Release;
		};
		C24596EB26097FF4003B9557 /* Debug */ = {
			isa = XCBuildConfiguration;
			buildSettings = {
				ALWAYS_EMBED_SWIFT_STANDARD_LIBRARIES = YES;
				CODE_SIGN_STYLE = Automatic;
				DEVELOPMENT_TEAM = TK5DS76L58;
				INFOPLIST_FILE = DemoUITests/Info.plist;
				LD_RUNPATH_SEARCH_PATHS = (
					"$(inherited)",
					"@executable_path/Frameworks",
					"@loader_path/Frameworks",
				);
				PRODUCT_BUNDLE_IDENTIFIER = me.elbadaoui.DemoUITests;
				PRODUCT_NAME = "$(TARGET_NAME)";
				SWIFT_VERSION = 5.0;
				TARGETED_DEVICE_FAMILY = "1,2";
				TEST_TARGET_NAME = Demo;
			};
			name = Debug;
		};
		C24596EC26097FF4003B9557 /* Release */ = {
			isa = XCBuildConfiguration;
			buildSettings = {
				ALWAYS_EMBED_SWIFT_STANDARD_LIBRARIES = YES;
				CODE_SIGN_STYLE = Automatic;
				DEVELOPMENT_TEAM = TK5DS76L58;
				INFOPLIST_FILE = DemoUITests/Info.plist;
				LD_RUNPATH_SEARCH_PATHS = (
					"$(inherited)",
					"@executable_path/Frameworks",
					"@loader_path/Frameworks",
				);
				PRODUCT_BUNDLE_IDENTIFIER = me.elbadaoui.DemoUITests;
				PRODUCT_NAME = "$(TARGET_NAME)";
				SWIFT_VERSION = 5.0;
				TARGETED_DEVICE_FAMILY = "1,2";
				TEST_TARGET_NAME = Demo;
			};
			name = Release;
		};
/* End XCBuildConfiguration section */

/* Begin XCConfigurationList section */
		C24596BA26097FF0003B9557 /* Build configuration list for PBXProject "Demo" */ = {
			isa = XCConfigurationList;
			buildConfigurations = (
				C24596E226097FF4003B9557 /* Debug */,
				C24596E326097FF4003B9557 /* Release */,
			);
			defaultConfigurationIsVisible = 0;
			defaultConfigurationName = Release;
		};
		C24596E426097FF4003B9557 /* Build configuration list for PBXNativeTarget "Demo" */ = {
			isa = XCConfigurationList;
			buildConfigurations = (
				C24596E526097FF4003B9557 /* Debug */,
				C24596E626097FF4003B9557 /* Release */,
			);
			defaultConfigurationIsVisible = 0;
			defaultConfigurationName = Release;
		};
		C24596E726097FF4003B9557 /* Build configuration list for PBXNativeTarget "DemoTests" */ = {
			isa = XCConfigurationList;
			buildConfigurations = (
				C24596E826097FF4003B9557 /* Debug */,
				C24596E926097FF4003B9557 /* Release */,
			);
			defaultConfigurationIsVisible = 0;
			defaultConfigurationName = Release;
		};
		C24596EA26097FF4003B9557 /* Build configuration list for PBXNativeTarget "DemoUITests" */ = {
			isa = XCConfigurationList;
			buildConfigurations = (
				C24596EB26097FF4003B9557 /* Debug */,
				C24596EC26097FF4003B9557 /* Release */,
			);
			defaultConfigurationIsVisible = 0;
			defaultConfigurationName = Release;
		};
/* End XCConfigurationList section */
	};
	rootObject = C24596B726097FF0003B9557 /* Project object */;
}
